{
  "originHash" : "9c79ce01a398699b5c6c4089a35db14d0cc7a67e9d2c47c88dcbe5fb7c7e3d66",
  "pins" : [
    {
      "identity" : "capacitor-swift-pm",
      "kind" : "remoteSourceControl",
      "location" : "https://github.com/ionic-team/capacitor-swift-pm.git",
      "state" : {
        "revision" : "de1d86e8b7a9b3ddfd19d6304aa3850023536505",
        "version" : "7.6.0"
      }
    }
  ],
  "version" : 3
}
